
Microsoft Visual Studio Solution File, Format Version 12.00
# Visual Studio Version 16
VisualStudioVersion = 16.0.30517.126
MinimumVisualStudioVersion = 10.0.40219.1
Project("{8BC9CEB8-8B4A-11D0-8D11-00A0C91BC942}") = "Opdracht1", "Opdracht1\Opdracht1.vcxproj", "{72B78082-D84F-436E-A431-DA8244764F0F}"
EndProject
Project("{8BC9CEB8-8B4A-11D0-8D11-00A0C91BC942}") = "Opdracht2", "Opdracht2\Opdracht2.vcxproj", "{BBA7031C-F2C8-4597-955C-D0EE8A074DAC}"
EndProject
Global
	GlobalSection(SolutionConfigurationPlatforms) = preSolution
		Debug|x64 = Debug|x64
		Debug|x86 = Debug|x86
		Release|x64 = Release|x64
		Release|x86 = Release|x86
	EndGlobalSection
	GlobalSection(ProjectConfigurationPlatforms) = postSolution
		{72B78082-D84F-436E-A431-DA8244764F0F}.Debug|x64.ActiveCfg = Debug|x64
		{72B78082-D84F-436E-A431-DA8244764F0F}.Debug|x64.Build.0 = Debug|x64
		{72B78082-D84F-436E-A431-DA8244764F0F}.Debug|x86.ActiveCfg = Debug|Win32
		{72B78082-D84F-436E-A431-DA8244764F0F}.Debug|x86.Build.0 = Debug|Win32
		{72B78082-D84F-436E-A431-DA8244764F0F}.Release|x64.ActiveCfg = Release|x64
		{72B78082-D84F-436E-A431-DA8244764F0F}.Release|x64.Build.0 = Release|x64
		{72B78082-D84F-436E-A431-DA8244764F0F}.Release|x86.ActiveCfg = Release|Win32
		{72B78082-D84F-436E-A431-DA8244764F0F}.Release|x86.Build.0 = Release|Win32
		{BBA7031C-F2C8-4597-955C-D0EE8A074DAC}.Debug|x64.ActiveCfg = Debug|x64
		{BBA7031C-F2C8-4597-955C-D0EE8A074DAC}.Debug|x64.Build.0 = Debug|x64
		{BBA7031C-F2C8-4597-955C-D0EE8A074DAC}.Debug|x86.ActiveCfg = Debug|Win32
		{BBA7031C-F2C8-4597-955C-D0EE8A074DAC}.Debug|x86.Build.0 = Debug|Win32
		{BBA7031C-F2C8-4597-955C-D0EE8A074DAC}.Release|x64.ActiveCfg = Release|x64
		{BBA7031C-F2C8-4597-955C-D0EE8A074DAC}.Release|x64.Build.0 = Release|x64
		{BBA7031C-F2C8-4597-955C-D0EE8A074DAC}.Release|x86.ActiveCfg = Release|Win32
		{BBA7031C-F2C8-4597-955C-D0EE8A074DAC}.Release|x86.Build.0 = Release|Win32
	EndGlobalSection
	GlobalSection(SolutionProperties) = preSolution
		HideSolutionNode = FALSE
	EndGlobalSection
	GlobalSection(ExtensibilityGlobals) = postSolution
		SolutionGuid = {8DF46FB0-B9B8-4693-8D3E-9353D0FEB484}
	EndGlobalSection
EndGlobal
