
Microsoft Visual Studio Solution File, Format Version 12.00
# Visual Studio Version 16
VisualStudioVersion = 16.0.30517.126
MinimumVisualStudioVersion = 10.0.40219.1
Project("{8BC9CEB8-8B4A-11D0-8D11-00A0C91BC942}") = "Opdracht1", "Opdracht1\Opdracht1.vcxproj", "{72B78082-D84F-436E-A431-DA8244764F0F}"
EndProject
Project("{8BC9CEB8-8B4A-11D0-8D11-00A0C91BC942}") = "Opdracht2", "Opdracht2\Opdracht2.vcxproj", "{BBA7031C-F2C8-4597-955C-D0EE8A074DAC}"
EndProject
Project("{8BC9CEB8-8B4A-11D0-8D11-00A0C91BC942}") = "Opdracht3", "Opdracht3\Opdracht3.vcxproj", "{957706E7-6CA4-4BF9-8199-A426FC74F7CB}"
EndProject
Project("{8BC9CEB8-8B4A-11D0-8D11-00A0C91BC942}") = "Opdracht4", "Opdracht4\Opdracht4.vcxproj", "{4994FDEE-A549-4EAD-B8F9-C67CC4D31339}"
EndProject
Project("{8BC9CEB8-8B4A-11D0-8D11-00A0C91BC942}") = "Opdracht5", "Opdracht5\Opdracht5.vcxproj", "{D032845A-DE7D-4043-B62B-0DE445050E1D}"
EndProject
Project("{8BC9CEB8-8B4A-11D0-8D11-00A0C91BC942}") = "Opdracht6", "Opdracht6\Opdracht6.vcxproj", "{20C69D0B-EA30-404C-9EC3-2D0D52D93AC7}"
EndProject
Global
	GlobalSection(SolutionConfigurationPlatforms) = preSolution
		Debug|x64 = Debug|x64
		Debug|x86 = Debug|x86
		Release|x64 = Release|x64
		Release|x86 = Release|x86
	EndGlobalSection
	GlobalSection(ProjectConfigurationPlatforms) = postSolution
		{72B78082-D84F-436E-A431-DA8244764F0F}.Debug|x64.ActiveCfg = Debug|x64
		{72B78082-D84F-436E-A431-DA8244764F0F}.Debug|x64.Build.0 = Debug|x64
		{72B78082-D84F-436E-A431-DA8244764F0F}.Debug|x86.ActiveCfg = Debug|Win32
		{72B78082-D84F-436E-A431-DA8244764F0F}.Debug|x86.Build.0 = Debug|Win32
		{72B78082-D84F-436E-A431-DA8244764F0F}.Release|x64.ActiveCfg = Release|x64
		{72B78082-D84F-436E-A431-DA8244764F0F}.Release|x64.Build.0 = Release|x64
		{72B78082-D84F-436E-A431-DA8244764F0F}.Release|x86.ActiveCfg = Release|Win32
		{72B78082-D84F-436E-A431-DA8244764F0F}.Release|x86.Build.0 = Release|Win32
		{BBA7031C-F2C8-4597-955C-D0EE8A074DAC}.Debug|x64.ActiveCfg = Debug|x64
		{BBA7031C-F2C8-4597-955C-D0EE8A074DAC}.Debug|x64.Build.0 = Debug|x64
		{BBA7031C-F2C8-4597-955C-D0EE8A074DAC}.Debug|x86.ActiveCfg = Debug|Win32
		{BBA7031C-F2C8-4597-955C-D0EE8A074DAC}.Debug|x86.Build.0 = Debug|Win32
		{BBA7031C-F2C8-4597-955C-D0EE8A074DAC}.Release|x64.ActiveCfg = Release|x64
		{BBA7031C-F2C8-4597-955C-D0EE8A074DAC}.Release|x64.Build.0 = Release|x64
		{BBA7031C-F2C8-4597-955C-D0EE8A074DAC}.Release|x86.ActiveCfg = Release|Win32
		{BBA7031C-F2C8-4597-955C-D0EE8A074DAC}.Release|x86.Build.0 = Release|Win32
		{957706E7-6CA4-4BF9-8199-A426FC74F7CB}.Debug|x64.ActiveCfg = Debug|x64
		{957706E7-6CA4-4BF9-8199-A426FC74F7CB}.Debug|x64.Build.0 = Debug|x64
		{957706E7-6CA4-4BF9-8199-A426FC74F7CB}.Debug|x86.ActiveCfg = Debug|Win32
		{957706E7-6CA4-4BF9-8199-A426FC74F7CB}.Debug|x86.Build.0 = Debug|Win32
		{957706E7-6CA4-4BF9-8199-A426FC74F7CB}.Release|x64.ActiveCfg = Release|x64
		{957706E7-6CA4-4BF9-8199-A426FC74F7CB}.Release|x64.Build.0 = Release|x64
		{957706E7-6CA4-4BF9-8199-A426FC74F7CB}.Release|x86.ActiveCfg = Release|Win32
		{957706E7-6CA4-4BF9-8199-A426FC74F7CB}.Release|x86.Build.0 = Release|Win32
		{4994FDEE-A549-4EAD-B8F9-C67CC4D31339}.Debug|x64.ActiveCfg = Debug|x64
		{4994FDEE-A549-4EAD-B8F9-C67CC4D31339}.Debug|x64.Build.0 = Debug|x64
		{4994FDEE-A549-4EAD-B8F9-C67CC4D31339}.Debug|x86.ActiveCfg = Debug|Win32
		{4994FDEE-A549-4EAD-B8F9-C67CC4D31339}.Debug|x86.Build.0 = Debug|Win32
		{4994FDEE-A549-4EAD-B8F9-C67CC4D31339}.Release|x64.ActiveCfg = Release|x64
		{4994FDEE-A549-4EAD-B8F9-C67CC4D31339}.Release|x64.Build.0 = Release|x64
		{4994FDEE-A549-4EAD-B8F9-C67CC4D31339}.Release|x86.ActiveCfg = Release|Win32
		{4994FDEE-A549-4EAD-B8F9-C67CC4D31339}.Release|x86.Build.0 = Release|Win32
		{D032845A-DE7D-4043-B62B-0DE445050E1D}.Debug|x64.ActiveCfg = Debug|x64
		{D032845A-DE7D-4043-B62B-0DE445050E1D}.Debug|x64.Build.0 = Debug|x64
		{D032845A-DE7D-4043-B62B-0DE445050E1D}.Debug|x86.ActiveCfg = Debug|Win32
		{D032845A-DE7D-4043-B62B-0DE445050E1D}.Debug|x86.Build.0 = Debug|Win32
		{D032845A-DE7D-4043-B62B-0DE445050E1D}.Release|x64.ActiveCfg = Release|x64
		{D032845A-DE7D-4043-B62B-0DE445050E1D}.Release|x64.Build.0 = Release|x64
		{D032845A-DE7D-4043-B62B-0DE445050E1D}.Release|x86.ActiveCfg = Release|Win32
		{D032845A-DE7D-4043-B62B-0DE445050E1D}.Release|x86.Build.0 = Release|Win32
		{20C69D0B-EA30-404C-9EC3-2D0D52D93AC7}.Debug|x64.ActiveCfg = Debug|x64
		{20C69D0B-EA30-404C-9EC3-2D0D52D93AC7}.Debug|x64.Build.0 = Debug|x64
		{20C69D0B-EA30-404C-9EC3-2D0D52D93AC7}.Debug|x86.ActiveCfg = Debug|Win32
		{20C69D0B-EA30-404C-9EC3-2D0D52D93AC7}.Debug|x86.Build.0 = Debug|Win32
		{20C69D0B-EA30-404C-9EC3-2D0D52D93AC7}.Release|x64.ActiveCfg = Release|x64
		{20C69D0B-EA30-404C-9EC3-2D0D52D93AC7}.Release|x64.Build.0 = Release|x64
		{20C69D0B-EA30-404C-9EC3-2D0D52D93AC7}.Release|x86.ActiveCfg = Release|Win32
		{20C69D0B-EA30-404C-9EC3-2D0D52D93AC7}.Release|x86.Build.0 = Release|Win32
	EndGlobalSection
	GlobalSection(SolutionProperties) = preSolution
		HideSolutionNode = FALSE
	EndGlobalSection
	GlobalSection(ExtensibilityGlobals) = postSolution
		SolutionGuid = {8DF46FB0-B9B8-4693-8D3E-9353D0FEB484}
	EndGlobalSection
EndGlobal
